
Microsoft Visual Studio Solution File, Format Version 12.00
# Visual Studio 14
VisualStudioVersion = 14.0.25420.1
MinimumVisualStudioVersion = 10.0.40219.1
Project("{FAE04EC0-301F-11D3-BF4B-00C04F79EFBC}") = "Dominio", "Dominio.csproj", "{E8BB8998-87C1-4B20-B7D5-113BFCA6D599}"
EndProject
Project("{FAE04EC0-301F-11D3-BF4B-00C04F79EFBC}") = "NegocioWeb", "..\NegocioWeb\NegocioWeb.csproj", "{66C189CF-3424-4372-9D1A-81C1465471B1}"
EndProject
Global
	GlobalSection(SolutionConfigurationPlatforms) = preSolution
		Debug|Any CPU = Debug|Any CPU
		Release|Any CPU = Release|Any CPU
	EndGlobalSection
	GlobalSection(ProjectConfigurationPlatforms) = postSolution
		{E8BB8998-87C1-4B20-B7D5-113BFCA6D599}.Debug|Any CPU.ActiveCfg = Debug|Any CPU
		{E8BB8998-87C1-4B20-B7D5-113BFCA6D599}.Debug|Any CPU.Build.0 = Debug|Any CPU
		{E8BB8998-87C1-4B20-B7D5-113BFCA6D599}.Release|Any CPU.ActiveCfg = Release|Any CPU
		{E8BB8998-87C1-4B20-B7D5-113BFCA6D599}.Release|Any CPU.Build.0 = Release|Any CPU
		{66C189CF-3424-4372-9D1A-81C1465471B1}.Debug|Any CPU.ActiveCfg = Debug|Any CPU
		{66C189CF-3424-4372-9D1A-81C1465471B1}.Debug|Any CPU.Build.0 = Debug|Any CPU
		{66C189CF-3424-4372-9D1A-81C1465471B1}.Release|Any CPU.ActiveCfg = Release|Any CPU
		{66C189CF-3424-4372-9D1A-81C1465471B1}.Release|Any CPU.Build.0 = Release|Any CPU
	EndGlobalSection
	GlobalSection(SolutionProperties) = preSolution
		HideSolutionNode = FALSE
	EndGlobalSection
EndGlobal
